
Microsoft Visual Studio Solution File, Format Version 12.00
# Visual Studio Version 17
VisualStudioVersion = 17.6.33829.357
MinimumVisualStudioVersion = 10.0.40219.1
Project("{FAE04EC0-301F-11D3-BF4B-00C04F79EFBC}") = "SOAP_Services", "SOAP_Services\SOAP_Services.csproj", "{FF629CD7-F94D-4974-8A39-837E458FF8D3}"
EndProject
Global
	GlobalSection(SolutionConfigurationPlatforms) = preSolution
		Debug|Any CPU = Debug|Any CPU
		Release|Any CPU = Release|Any CPU
	EndGlobalSection
	GlobalSection(ProjectConfigurationPlatforms) = postSolution
		{FF629CD7-F94D-4974-8A39-837E458FF8D3}.Debug|Any CPU.ActiveCfg = Debug|Any CPU
		{FF629CD7-F94D-4974-8A39-837E458FF8D3}.Debug|Any CPU.Build.0 = Debug|Any CPU
		{FF629CD7-F94D-4974-8A39-837E458FF8D3}.Release|Any CPU.ActiveCfg = Release|Any CPU
		{FF629CD7-F94D-4974-8A39-837E458FF8D3}.Release|Any CPU.Build.0 = Release|Any CPU
	EndGlobalSection
	GlobalSection(SolutionProperties) = preSolution
		HideSolutionNode = FALSE
	EndGlobalSection
	GlobalSection(ExtensibilityGlobals) = postSolution
		SolutionGuid = {147A6E02-40A7-4BC6-9397-1F481D5AAA27}
	EndGlobalSection
EndGlobal
